
Microsoft Visual Studio Solution File, Format Version 12.00
# Visual Studio Version 17
VisualStudioVersion = 17.5.33516.290
MinimumVisualStudioVersion = 10.0.40219.1
Project("{FAE04EC0-301F-11D3-BF4B-00C04F79EFBC}") = "KursovrPart2", "KursovrPart2\KursovrPart2.csproj", "{415857A3-7173-49A9-A629-576B4963B188}"
EndProject
Global
	GlobalSection(SolutionConfigurationPlatforms) = preSolution
		Debug|Any CPU = Debug|Any CPU
		Release|Any CPU = Release|Any CPU
	EndGlobalSection
	GlobalSection(ProjectConfigurationPlatforms) = postSolution
		{415857A3-7173-49A9-A629-576B4963B188}.Debug|Any CPU.ActiveCfg = Debug|Any CPU
		{415857A3-7173-49A9-A629-576B4963B188}.Debug|Any CPU.Build.0 = Debug|Any CPU
		{415857A3-7173-49A9-A629-576B4963B188}.Release|Any CPU.ActiveCfg = Release|Any CPU
		{415857A3-7173-49A9-A629-576B4963B188}.Release|Any CPU.Build.0 = Release|Any CPU
	EndGlobalSection
	GlobalSection(SolutionProperties) = preSolution
		HideSolutionNode = FALSE
	EndGlobalSection
	GlobalSection(ExtensibilityGlobals) = postSolution
		SolutionGuid = {6DBBBB5F-D6C7-4333-8EF0-9C3826A62D32}
	EndGlobalSection
EndGlobal
